
Microsoft Visual Studio Solution File, Format Version 12.00
# Visual Studio Version 17
VisualStudioVersion = 17.3.32901.215
MinimumVisualStudioVersion = 10.0.40219.1
Project("{FAE04EC0-301F-11D3-BF4B-00C04F79EFBC}") = "Assignment_mid", "Assignment_mid\Assignment_mid.csproj", "{877D08F4-FE6E-4FE7-85C9-D7EB26C628E5}"
EndProject
Global
	GlobalSection(SolutionConfigurationPlatforms) = preSolution
		Debug|Any CPU = Debug|Any CPU
		Release|Any CPU = Release|Any CPU
	EndGlobalSection
	GlobalSection(ProjectConfigurationPlatforms) = postSolution
		{877D08F4-FE6E-4FE7-85C9-D7EB26C628E5}.Debug|Any CPU.ActiveCfg = Debug|Any CPU
		{877D08F4-FE6E-4FE7-85C9-D7EB26C628E5}.Debug|Any CPU.Build.0 = Debug|Any CPU
		{877D08F4-FE6E-4FE7-85C9-D7EB26C628E5}.Release|Any CPU.ActiveCfg = Release|Any CPU
		{877D08F4-FE6E-4FE7-85C9-D7EB26C628E5}.Release|Any CPU.Build.0 = Release|Any CPU
	EndGlobalSection
	GlobalSection(SolutionProperties) = preSolution
		HideSolutionNode = FALSE
	EndGlobalSection
	GlobalSection(ExtensibilityGlobals) = postSolution
		SolutionGuid = {A66D447C-29D0-4A1A-A5EC-DB9062B191DC}
	EndGlobalSection
EndGlobal
